
Microsoft Visual Studio Solution File, Format Version 12.00
# Visual Studio Version 17
VisualStudioVersion = 17.3.32929.385
MinimumVisualStudioVersion = 10.0.40219.1
Project("{9A19103F-16F7-4668-BE54-9A1E7A4F7556}") = "MusicApp", "MusicApp\MusicApp.csproj", "{D1121F58-5912-450B-BA85-F251BDCCBDF6}"
EndProject
Project("{9A19103F-16F7-4668-BE54-9A1E7A4F7556}") = "MusicApp.Infrastructure", "MusicApp.Infrastructure\MusicApp.Infrastructure.csproj", "{0DFA4B24-E80E-43B5-9A27-FF05EB1269AB}"
EndProject
Project("{9A19103F-16F7-4668-BE54-9A1E7A4F7556}") = "MusicApp.Core", "MusicApp.Core\MusicApp.Core.csproj", "{AE18890C-3D57-41DF-A4DF-7E132E9B990D}"
EndProject
Project("{9A19103F-16F7-4668-BE54-9A1E7A4F7556}") = "MusicApp.WebApi", "MusicApp.WebApi\MusicApp.WebApi.csproj", "{8E6365A4-4885-4B18-AD52-91F4465A5040}"
EndProject
Project("{FAE04EC0-301F-11D3-BF4B-00C04F79EFBC}") = "MusicApp.UnitTests", "MusicApp.UnitTests\MusicApp.UnitTests.csproj", "{C6FDC587-E000-4467-B613-4DED9A4218B1}"
EndProject
Global
	GlobalSection(SolutionConfigurationPlatforms) = preSolution
		Debug|Any CPU = Debug|Any CPU
		Release|Any CPU = Release|Any CPU
	EndGlobalSection
	GlobalSection(ProjectConfigurationPlatforms) = postSolution
		{D1121F58-5912-450B-BA85-F251BDCCBDF6}.Debug|Any CPU.ActiveCfg = Debug|Any CPU
		{D1121F58-5912-450B-BA85-F251BDCCBDF6}.Debug|Any CPU.Build.0 = Debug|Any CPU
		{D1121F58-5912-450B-BA85-F251BDCCBDF6}.Release|Any CPU.ActiveCfg = Release|Any CPU
		{D1121F58-5912-450B-BA85-F251BDCCBDF6}.Release|Any CPU.Build.0 = Release|Any CPU
		{0DFA4B24-E80E-43B5-9A27-FF05EB1269AB}.Debug|Any CPU.ActiveCfg = Debug|Any CPU
		{0DFA4B24-E80E-43B5-9A27-FF05EB1269AB}.Debug|Any CPU.Build.0 = Debug|Any CPU
		{0DFA4B24-E80E-43B5-9A27-FF05EB1269AB}.Release|Any CPU.ActiveCfg = Release|Any CPU
		{0DFA4B24-E80E-43B5-9A27-FF05EB1269AB}.Release|Any CPU.Build.0 = Release|Any CPU
		{AE18890C-3D57-41DF-A4DF-7E132E9B990D}.Debug|Any CPU.ActiveCfg = Debug|Any CPU
		{AE18890C-3D57-41DF-A4DF-7E132E9B990D}.Debug|Any CPU.Build.0 = Debug|Any CPU
		{AE18890C-3D57-41DF-A4DF-7E132E9B990D}.Release|Any CPU.ActiveCfg = Release|Any CPU
		{AE18890C-3D57-41DF-A4DF-7E132E9B990D}.Release|Any CPU.Build.0 = Release|Any CPU
		{8E6365A4-4885-4B18-AD52-91F4465A5040}.Debug|Any CPU.ActiveCfg = Debug|Any CPU
		{8E6365A4-4885-4B18-AD52-91F4465A5040}.Debug|Any CPU.Build.0 = Debug|Any CPU
		{8E6365A4-4885-4B18-AD52-91F4465A5040}.Release|Any CPU.ActiveCfg = Release|Any CPU
		{8E6365A4-4885-4B18-AD52-91F4465A5040}.Release|Any CPU.Build.0 = Release|Any CPU
		{C6FDC587-E000-4467-B613-4DED9A4218B1}.Debug|Any CPU.ActiveCfg = Debug|Any CPU
		{C6FDC587-E000-4467-B613-4DED9A4218B1}.Debug|Any CPU.Build.0 = Debug|Any CPU
		{C6FDC587-E000-4467-B613-4DED9A4218B1}.Release|Any CPU.ActiveCfg = Release|Any CPU
		{C6FDC587-E000-4467-B613-4DED9A4218B1}.Release|Any CPU.Build.0 = Release|Any CPU
	EndGlobalSection
	GlobalSection(SolutionProperties) = preSolution
		HideSolutionNode = FALSE
	EndGlobalSection
	GlobalSection(ExtensibilityGlobals) = postSolution
		SolutionGuid = {AD332FE7-8F52-44D0-A41C-CA1AD008F243}
	EndGlobalSection
EndGlobal
